<?xml version="1.0" encoding="utf-8"?>
<Project ToolsVersion="4.0" xmlns="http://schemas.microsoft.com/developer/msbuild/2003">
  <ItemGroup>
    <ClCompile Include="Include\App\ChudEngineApp.cpp" />
    <ClCompile Include="Include\App\main.cpp" />
    <ClCompile Include="Include\Engine\Graphics\Vulkan\CEVulkanBuffer.cpp" />
    <ClCompile Include="Include\Engine\Graphics\Vulkan\CEVulkanCommandBuffer.cpp" />
    <ClCompile Include="Include\Engine\Graphics\Vulkan\CEVulkanContext.cpp" />
    <ClCompile Include="Include\Engine\Graphics\Vulkan\CEVulkanRenderer.cpp" />
    <ClCompile Include="Include\Engine\Graphics\Vulkan\CEVulkanSwapchain.cpp" />
    <ClCompile Include="Include\Engine\Graphics\Vulkan\CEVulkanSync.cpp" />
    <ClCompile Include="Include\Framework\Math\MathUtils.cpp" />
    <ClCompile Include="Include\Framework\Math\Matrix.cpp" />
    <ClCompile Include="Include\Framework\Math\Quaternion.cpp" />
    <ClCompile Include="Include\Framework\Math\Vector.cpp" />
    <ClCompile Include="Include\Framework\Utils\FileSystem.cpp" />
    <ClCompile Include="Include\Framework\Utils\Logger.cpp" />
    <ClCompile Include="Include\Framework\Utils\UUID.cpp" />
    <ClCompile Include="Include\Runtime\Core\Application\CEApplication.cpp" />
    <ClCompile Include="Include\Runtime\Core\CEObject\CEActor.cpp" />
    <ClCompile Include="Include\Runtime\Core\CEObject\CEEventSystem.cpp" />
    <ClCompile Include="Include\Runtime\Core\CEObject\CEObject.cpp" />
    <ClCompile Include="Include\Runtime\Core\CEObject\CETickManager.cpp" />
    <ClCompile Include="Include\Runtime\Core\CEObject\CEWorld.cpp" />
    <ClCompile Include="Include\Runtime\Core\CEObject\Components\CEActorComponent.cpp" />
    <ClCompile Include="Include\Runtime\Core\CEObject\Components\CEComponent.cpp" />
    <ClCompile Include="Include\Runtime\Core\CEObject\Components\CEMeshComponent.cpp" />
    <ClCompile Include="Include\Runtime\Core\CEObject\Components\CESceneComponent.cpp" />
    <ClCompile Include="Include\Runtime\Core\CEObject\Components\CETransformComponent.cpp" />
    <ClCompile Include="Include\Runtime\Platform\Window\CWWindow.cpp" />
    <ClCompile Include="..\ShaderCompilerTool\ShaderCompiler.cpp" />
    <ClCompile Include="Include\Engine\Graphics\Vulkan\CEVulkanPipelineManager.cpp" />
    <ClCompile Include="Include\Engine\Graphics\Vulkan\PipeLines\CEStaticMeshPipeline.cpp" />
    <ClCompile Include="Include\Engine\Graphics\Vulkan\PipeLines\CESkeletalMeshPipeline.cpp" />
    <ClCompile Include="Include\Engine\Graphics\Vulkan\PipeLines\CELightPipeline.cpp" />
    <ClCompile Include="Include\Engine\Graphics\Vulkan\PipeLines\CEPostProcessPipeline.cpp" />
    <ClCompile Include="Include\Engine\Graphics\Vulkan\CEVulkanBasePipeline.cpp" />
    <ClCompile Include="Include\Engine\Graphics\CEWorldRenderer.cpp" />
    <ClCompile Include="Include\Engine\Graphics\Vulkan\CEVulkanShaderManager.cpp" />
    <ClCompile Include="Include\Engine\Graphics\Vulkan\CEVulkanResourceManager.cpp" />
    <ClCompile Include="Include\Engine\Graphics\Vulkan\VulkanDevice.cpp" />
  </ItemGroup>
  <ItemGroup>
    <ClInclude Include="Include\App\ChudEngineApp.hpp" />
    <ClInclude Include="Include\Engine\Graphics\CERenderer.hpp" />
    <ClInclude Include="Include\Engine\Graphics\Vulkan\CEVulkanBuffer.hpp" />
    <ClInclude Include="Include\Engine\Graphics\Vulkan\CEVulkanCommandBuffer.hpp" />
    <ClInclude Include="Include\Engine\Graphics\Vulkan\CEVulkanContext.hpp" />
    <ClInclude Include="Include\Engine\Graphics\Vulkan\CEVulkanRenderer.hpp" />
    <ClInclude Include="Include\Engine\Graphics\Vulkan\CEVulkanSwapchain.hpp" />
    <ClInclude Include="Include\Engine\Graphics\Vulkan\CEVulkanSync.hpp" />
    <ClInclude Include="Include\Framework\Core\Logger.h" />
    <ClInclude Include="Include\Framework\Math\MathUtils.hpp" />
    <ClInclude Include="Include\Framework\Math\Matrix.hpp" />
    <ClInclude Include="Include\Framework\Math\Quaternion.hpp" />
    <ClInclude Include="Include\Framework\Math\Vector.hpp" />
    <ClInclude Include="Include\Framework\Utils\FileSystem.hpp" />
    <ClInclude Include="Include\Framework\Utils\Logger.hpp" />
    <ClInclude Include="Include\Framework\Utils\StringUtils.hpp" />
    <ClInclude Include="Include\Framework\Utils\UUID.hpp" />
    <ClInclude Include="Include\MatrixDebugUtils.hpp" />
    <ClInclude Include="Include\Runtime\Core\Application\CEApplication.hpp" />
    <ClInclude Include="Include\Runtime\Core\CEObject\CEActor.hpp" />
    <ClInclude Include="Include\Runtime\Core\CEObject\CEClass.hpp" />
    <ClInclude Include="Include\Runtime\Core\CEObject\CEDelegate.hpp" />
    <ClInclude Include="Include\Runtime\Core\CEObject\CEEvent.hpp" />
    <ClInclude Include="Include\Runtime\Core\CEObject\CEEvents.hpp" />
    <ClInclude Include="Include\Runtime\Core\CEObject\CEEventSystem.hpp" />
    <ClInclude Include="Include\Runtime\Core\CEObject\CEObject.hpp" />
    <ClInclude Include="Include\Runtime\Core\CEObject\CETickManager.hpp" />
    <ClInclude Include="Include\Runtime\Core\CEObject\CEWorld.hpp" />
    <ClInclude Include="Include\Runtime\Core\CEObject\Components\CEActorComponent.hpp" />
    <ClInclude Include="Include\Runtime\Core\CEObject\Components\CEComponent.hpp" />
    <ClInclude Include="Include\Runtime\Core\CEObject\Components\CEMeshComponent.hpp" />
    <ClInclude Include="Include\Runtime\Core\CEObject\Components\CESceneComponent.hpp" />
    <ClInclude Include="Include\Runtime\Core\CEObject\Components\CETransformComponent.hpp" />
    <ClInclude Include="Include\Runtime\Core\Containers\CEArray.hpp" />
    <ClInclude Include="Include\Runtime\Core\CoreTypes.hpp" />
    <ClInclude Include="Include\Runtime\Platform\Window\CEWindow.hpp" />
    <ClInclude Include="..\ShaderCompilerTool\ShaderCompiler.h" />
    <ClInclude Include="Include\Engine\Graphics\Vulkan\CEVulkanBasePipeline.hpp" />
    <ClInclude Include="Include\Engine\Graphics\Vulkan\PipeLines\CEStaticMeshPipeline.hpp" />
    <ClInclude Include="Include\Engine\Graphics\Vulkan\PipeLines\CESkeletalMeshPipeline.hpp" />
    <ClInclude Include="Include\Engine\Graphics\Vulkan\PipeLines\CELightPipeline.hpp" />
    <ClInclude Include="Include\Engine\Graphics\Vulkan\PipeLines\CEPostProcessPipeline.hpp" />
    <ClInclude Include="Include\Engine\Graphics\Vulkan\CEVulkanPipelineManager.hpp" />
    <ClInclude Include="Include\Engine\Graphics\CEWorldRenderer.hpp" />
    <ClInclude Include="Include\Framework\Math\MathFunctions.hpp" />
    <ClInclude Include="Include\Engine\Graphics\Vulkan\CEVulkanShaderManager.hpp" />
    <ClInclude Include="Include\Engine\Graphics\Vulkan\CEVulkanResourceManager.hpp" />
    <ClInclude Include="Include\Engine\Graphics\Vulkan\VulkanDevice.hpp" />
    <ClInclude Include="Include\Engine\Graphics\Vulkan\VulkanResourceFactory.hpp" />
  </ItemGroup>
  <ItemGroup>
    <None Include="Resources\Shaders\Vulkan\triangle.vert" />
    <None Include="Resources\Shaders\Vulkan\triangle.frag" />
  </ItemGroup>
</Project>